# THIS IS AN AUTOGENERATED FILE. DO NOT EDIT THIS FILE DIRECTLY.
# yarn lockfile v1


chunked-stream@~0.0.1:
  version "0.0.2"
  resolved "https://registry.yarnpkg.com/chunked-stream/-/chunked-stream-0.0.2.tgz#ccf75098dadbf0bb38ff307e109582780507939e"
  integrity sha1-zPdQmNrb8Ls4/zB+EJWCeAUHk54=

m3u8@^0.0.10:
  version "0.0.10"
  resolved "https://registry.yarnpkg.com/m3u8/-/m3u8-0.0.10.tgz#000dfc948b246230b0137af4d447986909b0d022"
  integrity sha512-sQwg+uh1jDG28CiLN2KjzE2amFIxNtJonnxWygb43wFoXAyLxnP+7qkjJI+++N96IbjeKszT2vRnEbT6oLt8Ug==
  dependencies:
    chunked-stream "~0.0.1"
